
Microsoft Visual Studio Solution File, Format Version 12.00
# Visual Studio Version 16
VisualStudioVersion = 16.0.32630.194
MinimumVisualStudioVersion = 10.0.40219.1
Project("{9A19103F-16F7-4668-BE54-9A1E7A4F7556}") = "EniverseApi", "EniverseApi\EniverseApi.csproj", "{6459453D-256F-4F13-BAA2-991B1CB55DFB}"
EndProject
Project("{9A19103F-16F7-4668-BE54-9A1E7A4F7556}") = "EniverseClientModel", "EniverseClientModel\EniverseClientModel.csproj", "{F299E4D1-9AAE-4B7A-812B-EFAB4BA99B5F}"
EndProject
Project("{9A19103F-16F7-4668-BE54-9A1E7A4F7556}") = "EniverseServerModel", "EniverseServerModel\EniverseServerModel.csproj", "{62D09276-B399-444D-9CE6-A3E226F32745}"
EndProject
Global
	GlobalSection(SolutionConfigurationPlatforms) = preSolution
		Debug|x64 = Debug|x64
		Release|x64 = Release|x64
	EndGlobalSection
	GlobalSection(ProjectConfigurationPlatforms) = postSolution
		{6459453D-256F-4F13-BAA2-991B1CB55DFB}.Debug|x64.ActiveCfg = Debug|x64
		{6459453D-256F-4F13-BAA2-991B1CB55DFB}.Debug|x64.Build.0 = Debug|x64
		{6459453D-256F-4F13-BAA2-991B1CB55DFB}.Release|x64.ActiveCfg = Release|x64
		{6459453D-256F-4F13-BAA2-991B1CB55DFB}.Release|x64.Build.0 = Release|x64
		{F299E4D1-9AAE-4B7A-812B-EFAB4BA99B5F}.Debug|x64.ActiveCfg = Debug|x64
		{F299E4D1-9AAE-4B7A-812B-EFAB4BA99B5F}.Debug|x64.Build.0 = Debug|x64
		{F299E4D1-9AAE-4B7A-812B-EFAB4BA99B5F}.Release|x64.ActiveCfg = Release|x64
		{F299E4D1-9AAE-4B7A-812B-EFAB4BA99B5F}.Release|x64.Build.0 = Release|x64
		{62D09276-B399-444D-9CE6-A3E226F32745}.Debug|x64.ActiveCfg = Debug|x64
		{62D09276-B399-444D-9CE6-A3E226F32745}.Debug|x64.Build.0 = Debug|x64
		{62D09276-B399-444D-9CE6-A3E226F32745}.Release|x64.ActiveCfg = Release|x64
		{62D09276-B399-444D-9CE6-A3E226F32745}.Release|x64.Build.0 = Release|x64
	EndGlobalSection
	GlobalSection(SolutionProperties) = preSolution
		HideSolutionNode = FALSE
	EndGlobalSection
	GlobalSection(ExtensibilityGlobals) = postSolution
		SolutionGuid = {840849D8-E105-437D-8CF5-B82D85EE0650}
	EndGlobalSection
EndGlobal
